
Microsoft Visual Studio Solution File, Format Version 12.00
# Visual Studio Version 16
VisualStudioVersion = 16.0.31911.196
MinimumVisualStudioVersion = 10.0.40219.1
Project("{9A19103F-16F7-4668-BE54-9A1E7A4F7556}") = "Rms.Web", "Rms.Web\Rms.Web.csproj", "{B3C900BE-0F39-4DC1-ACBB-E4D06F500FD3}"
EndProject
Global
	GlobalSection(SolutionConfigurationPlatforms) = preSolution
		Debug|Any CPU = Debug|Any CPU
		Release|Any CPU = Release|Any CPU
	EndGlobalSection
	GlobalSection(ProjectConfigurationPlatforms) = postSolution
		{B3C900BE-0F39-4DC1-ACBB-E4D06F500FD3}.Debug|Any CPU.ActiveCfg = Debug|Any CPU
		{B3C900BE-0F39-4DC1-ACBB-E4D06F500FD3}.Debug|Any CPU.Build.0 = Debug|Any CPU
		{B3C900BE-0F39-4DC1-ACBB-E4D06F500FD3}.Release|Any CPU.ActiveCfg = Release|Any CPU
		{B3C900BE-0F39-4DC1-ACBB-E4D06F500FD3}.Release|Any CPU.Build.0 = Release|Any CPU
	EndGlobalSection
	GlobalSection(SolutionProperties) = preSolution
		HideSolutionNode = FALSE
	EndGlobalSection
	GlobalSection(ExtensibilityGlobals) = postSolution
		SolutionGuid = {7E6A0991-01D1-4A42-BFA6-8EC5BC246BC3}
	EndGlobalSection
EndGlobal
